
Microsoft Visual Studio Solution File, Format Version 12.00
# Visual Studio Version 16
VisualStudioVersion = 16.0.29728.190
MinimumVisualStudioVersion = 10.0.40219.1
Project("{2150E333-8FDC-42A3-9474-1A3956D46DE8}") = "Microservices", "Microservices", "{687485BF-EF1E-40C6-B6F8-D8A093882693}"
EndProject
Project("{2150E333-8FDC-42A3-9474-1A3956D46DE8}") = "Domain", "Domain", "{94A6BB46-51EB-45AF-893B-B5C36F055B19}"
EndProject
Project("{2150E333-8FDC-42A3-9474-1A3956D46DE8}") = "Infra.Bus", "Infra.Bus", "{4214A080-740C-4132-8095-6F8B4D57F92B}"
EndProject
Project("{2150E333-8FDC-42A3-9474-1A3956D46DE8}") = "Infra.IoC", "Infra.IoC", "{AE73A41A-767B-4E04-B049-3B08DE719F9C}"
EndProject
Project("{2150E333-8FDC-42A3-9474-1A3956D46DE8}") = "Presentation", "Presentation", "{F20B5D77-C71F-4BE1-A14D-B48379E4F1E4}"
EndProject
Project("{FAE04EC0-301F-11D3-BF4B-00C04F79EFBC}") = "Microservices.Domain.Core", "Microservices.Domain.Core\Microservices.Domain.Core.csproj", "{E60F8DF2-638C-461B-9A3E-3FAFD19DE5F2}"
EndProject
Global
	GlobalSection(SolutionConfigurationPlatforms) = preSolution
		Debug|Any CPU = Debug|Any CPU
		Release|Any CPU = Release|Any CPU
	EndGlobalSection
	GlobalSection(ProjectConfigurationPlatforms) = postSolution
		{E60F8DF2-638C-461B-9A3E-3FAFD19DE5F2}.Debug|Any CPU.ActiveCfg = Debug|Any CPU
		{E60F8DF2-638C-461B-9A3E-3FAFD19DE5F2}.Debug|Any CPU.Build.0 = Debug|Any CPU
		{E60F8DF2-638C-461B-9A3E-3FAFD19DE5F2}.Release|Any CPU.ActiveCfg = Release|Any CPU
		{E60F8DF2-638C-461B-9A3E-3FAFD19DE5F2}.Release|Any CPU.Build.0 = Release|Any CPU
	EndGlobalSection
	GlobalSection(SolutionProperties) = preSolution
		HideSolutionNode = FALSE
	EndGlobalSection
	GlobalSection(NestedProjects) = preSolution
		{E60F8DF2-638C-461B-9A3E-3FAFD19DE5F2} = {94A6BB46-51EB-45AF-893B-B5C36F055B19}
	EndGlobalSection
	GlobalSection(ExtensibilityGlobals) = postSolution
		SolutionGuid = {EB2BA028-7426-4CFC-AD2A-FCCB7916A4B1}
	EndGlobalSection
EndGlobal
