
Microsoft Visual Studio Solution File, Format Version 12.00
# Visual Studio Version 16
VisualStudioVersion = 16.0.29728.190
MinimumVisualStudioVersion = 10.0.40219.1
Project("{2150E333-8FDC-42A3-9474-1A3956D46DE8}") = "Microservices", "Microservices", "{687485BF-EF1E-40C6-B6F8-D8A093882693}"
EndProject
Project("{2150E333-8FDC-42A3-9474-1A3956D46DE8}") = "Domain", "Domain", "{94A6BB46-51EB-45AF-893B-B5C36F055B19}"
EndProject
Project("{2150E333-8FDC-42A3-9474-1A3956D46DE8}") = "Infra.Bus", "Infra.Bus", "{4214A080-740C-4132-8095-6F8B4D57F92B}"
EndProject
Project("{2150E333-8FDC-42A3-9474-1A3956D46DE8}") = "Infra.IoC", "Infra.IoC", "{AE73A41A-767B-4E04-B049-3B08DE719F9C}"
EndProject
Project("{2150E333-8FDC-42A3-9474-1A3956D46DE8}") = "Presentation", "Presentation", "{F20B5D77-C71F-4BE1-A14D-B48379E4F1E4}"
EndProject
Project("{9A19103F-16F7-4668-BE54-9A1E7A4F7556}") = "Microservices.Domain.Core", "Microservices.Domain.Core\Microservices.Domain.Core.csproj", "{E60F8DF2-638C-461B-9A3E-3FAFD19DE5F2}"
EndProject
Project("{9A19103F-16F7-4668-BE54-9A1E7A4F7556}") = "Microservices.Infra.Bus", "Microservices.Infra.Bus\Microservices.Infra.Bus.csproj", "{7A77B09C-589B-4CBE-A896-B753218D9E9C}"
EndProject
Project("{9A19103F-16F7-4668-BE54-9A1E7A4F7556}") = "Microservices.Infra.IoC", "Microservices.Infra.IoC\Microservices.Infra.IoC.csproj", "{299E691B-9873-4D3F-AFDC-74BAB0F19837}"
EndProject
Project("{2150E333-8FDC-42A3-9474-1A3956D46DE8}") = "Banking", "Banking", "{E69409D2-868A-4D63-8103-2DC8FA2A1B32}"
EndProject
Project("{2150E333-8FDC-42A3-9474-1A3956D46DE8}") = "Api", "Api", "{893AB267-10F0-4D7C-89A8-60EE36FC0D20}"
EndProject
Project("{2150E333-8FDC-42A3-9474-1A3956D46DE8}") = "Domain", "Domain", "{5F17E65A-6B27-494A-99FF-29280F5D7A2A}"
EndProject
Project("{2150E333-8FDC-42A3-9474-1A3956D46DE8}") = "Application", "Application", "{764641B1-F917-46B0-8B8F-3EC20A087A40}"
EndProject
Project("{2150E333-8FDC-42A3-9474-1A3956D46DE8}") = "Data", "Data", "{1D9EFE88-CB8A-431A-82B0-4D3BACCD9322}"
EndProject
Project("{FAE04EC0-301F-11D3-BF4B-00C04F79EFBC}") = "Microservices.Banking.Application", "Microservices.Banking.Application\Microservices.Banking.Application.csproj", "{A65031FF-5D2B-48C3-8B58-B13F8D4C70F2}"
EndProject
Project("{FAE04EC0-301F-11D3-BF4B-00C04F79EFBC}") = "Microservices.Banking.Data", "Microservices.Banking.Data\Microservices.Banking.Data.csproj", "{CFAD41E4-E816-4194-8EB5-DEE32474E167}"
EndProject
Project("{FAE04EC0-301F-11D3-BF4B-00C04F79EFBC}") = "Microservices.Banking.Domain", "Microservices.Banking.Domain\Microservices.Banking.Domain.csproj", "{EA2478AE-A456-434F-B1F4-524604F28ADE}"
EndProject
Project("{FAE04EC0-301F-11D3-BF4B-00C04F79EFBC}") = "Microservices.Banking.Api", "Microservices.Banking.Api\Microservices.Banking.Api.csproj", "{DB0C4083-FCDB-43CC-B2EF-1DEBFA9FC174}"
EndProject
Project("{2150E333-8FDC-42A3-9474-1A3956D46DE8}") = "Transfer", "Transfer", "{9FD20515-2E64-4037-B257-678220E30299}"
EndProject
Project("{2150E333-8FDC-42A3-9474-1A3956D46DE8}") = "Api", "Api", "{6D958C12-C70D-414E-96EE-33158255F3AE}"
EndProject
Project("{2150E333-8FDC-42A3-9474-1A3956D46DE8}") = "Application", "Application", "{998B1228-A3D8-4482-98D4-F09077C956AB}"
EndProject
Project("{2150E333-8FDC-42A3-9474-1A3956D46DE8}") = "Data", "Data", "{DA641E19-8F8B-4E37-9B68-51C506352BF6}"
EndProject
Project("{2150E333-8FDC-42A3-9474-1A3956D46DE8}") = "Domain", "Domain", "{82E1E8C3-FFF8-4A7A-8986-D8B4A3162A24}"
EndProject
Project("{FAE04EC0-301F-11D3-BF4B-00C04F79EFBC}") = "Microservices.Transfer.Application", "Microservices.Transfer.Application\Microservices.Transfer.Application.csproj", "{093FA2E7-B622-4CDD-A370-C84E8EB963FC}"
EndProject
Project("{FAE04EC0-301F-11D3-BF4B-00C04F79EFBC}") = "Microservices.Transfer.Domain", "Microservices.Transfer.Domain\Microservices.Transfer.Domain.csproj", "{41A8F805-C0AA-430C-83B6-A295FAE46A1B}"
EndProject
Project("{FAE04EC0-301F-11D3-BF4B-00C04F79EFBC}") = "Microservices.Transfer.Data", "Microservices.Transfer.Data\Microservices.Transfer.Data.csproj", "{BADEE6D3-5433-4532-9CE8-2C847535EFB6}"
EndProject
Project("{FAE04EC0-301F-11D3-BF4B-00C04F79EFBC}") = "Microservices.Transfer.Api", "Microservices.Transfer.Api\Microservices.Transfer.Api.csproj", "{DC7B1840-1C0E-4FD8-A56A-20DFEB8B806E}"
EndProject
Global
	GlobalSection(SolutionConfigurationPlatforms) = preSolution
		Debug|Any CPU = Debug|Any CPU
		Release|Any CPU = Release|Any CPU
	EndGlobalSection
	GlobalSection(ProjectConfigurationPlatforms) = postSolution
		{E60F8DF2-638C-461B-9A3E-3FAFD19DE5F2}.Debug|Any CPU.ActiveCfg = Debug|Any CPU
		{E60F8DF2-638C-461B-9A3E-3FAFD19DE5F2}.Debug|Any CPU.Build.0 = Debug|Any CPU
		{E60F8DF2-638C-461B-9A3E-3FAFD19DE5F2}.Release|Any CPU.ActiveCfg = Release|Any CPU
		{E60F8DF2-638C-461B-9A3E-3FAFD19DE5F2}.Release|Any CPU.Build.0 = Release|Any CPU
		{7A77B09C-589B-4CBE-A896-B753218D9E9C}.Debug|Any CPU.ActiveCfg = Debug|Any CPU
		{7A77B09C-589B-4CBE-A896-B753218D9E9C}.Debug|Any CPU.Build.0 = Debug|Any CPU
		{7A77B09C-589B-4CBE-A896-B753218D9E9C}.Release|Any CPU.ActiveCfg = Release|Any CPU
		{7A77B09C-589B-4CBE-A896-B753218D9E9C}.Release|Any CPU.Build.0 = Release|Any CPU
		{299E691B-9873-4D3F-AFDC-74BAB0F19837}.Debug|Any CPU.ActiveCfg = Debug|Any CPU
		{299E691B-9873-4D3F-AFDC-74BAB0F19837}.Debug|Any CPU.Build.0 = Debug|Any CPU
		{299E691B-9873-4D3F-AFDC-74BAB0F19837}.Release|Any CPU.ActiveCfg = Release|Any CPU
		{299E691B-9873-4D3F-AFDC-74BAB0F19837}.Release|Any CPU.Build.0 = Release|Any CPU
		{A65031FF-5D2B-48C3-8B58-B13F8D4C70F2}.Debug|Any CPU.ActiveCfg = Debug|Any CPU
		{A65031FF-5D2B-48C3-8B58-B13F8D4C70F2}.Debug|Any CPU.Build.0 = Debug|Any CPU
		{A65031FF-5D2B-48C3-8B58-B13F8D4C70F2}.Release|Any CPU.ActiveCfg = Release|Any CPU
		{A65031FF-5D2B-48C3-8B58-B13F8D4C70F2}.Release|Any CPU.Build.0 = Release|Any CPU
		{CFAD41E4-E816-4194-8EB5-DEE32474E167}.Debug|Any CPU.ActiveCfg = Debug|Any CPU
		{CFAD41E4-E816-4194-8EB5-DEE32474E167}.Debug|Any CPU.Build.0 = Debug|Any CPU
		{CFAD41E4-E816-4194-8EB5-DEE32474E167}.Release|Any CPU.ActiveCfg = Release|Any CPU
		{CFAD41E4-E816-4194-8EB5-DEE32474E167}.Release|Any CPU.Build.0 = Release|Any CPU
		{EA2478AE-A456-434F-B1F4-524604F28ADE}.Debug|Any CPU.ActiveCfg = Debug|Any CPU
		{EA2478AE-A456-434F-B1F4-524604F28ADE}.Debug|Any CPU.Build.0 = Debug|Any CPU
		{EA2478AE-A456-434F-B1F4-524604F28ADE}.Release|Any CPU.ActiveCfg = Release|Any CPU
		{EA2478AE-A456-434F-B1F4-524604F28ADE}.Release|Any CPU.Build.0 = Release|Any CPU
		{DB0C4083-FCDB-43CC-B2EF-1DEBFA9FC174}.Debug|Any CPU.ActiveCfg = Debug|Any CPU
		{DB0C4083-FCDB-43CC-B2EF-1DEBFA9FC174}.Debug|Any CPU.Build.0 = Debug|Any CPU
		{DB0C4083-FCDB-43CC-B2EF-1DEBFA9FC174}.Release|Any CPU.ActiveCfg = Release|Any CPU
		{DB0C4083-FCDB-43CC-B2EF-1DEBFA9FC174}.Release|Any CPU.Build.0 = Release|Any CPU
		{093FA2E7-B622-4CDD-A370-C84E8EB963FC}.Debug|Any CPU.ActiveCfg = Debug|Any CPU
		{093FA2E7-B622-4CDD-A370-C84E8EB963FC}.Debug|Any CPU.Build.0 = Debug|Any CPU
		{093FA2E7-B622-4CDD-A370-C84E8EB963FC}.Release|Any CPU.ActiveCfg = Release|Any CPU
		{093FA2E7-B622-4CDD-A370-C84E8EB963FC}.Release|Any CPU.Build.0 = Release|Any CPU
		{41A8F805-C0AA-430C-83B6-A295FAE46A1B}.Debug|Any CPU.ActiveCfg = Debug|Any CPU
		{41A8F805-C0AA-430C-83B6-A295FAE46A1B}.Debug|Any CPU.Build.0 = Debug|Any CPU
		{41A8F805-C0AA-430C-83B6-A295FAE46A1B}.Release|Any CPU.ActiveCfg = Release|Any CPU
		{41A8F805-C0AA-430C-83B6-A295FAE46A1B}.Release|Any CPU.Build.0 = Release|Any CPU
		{BADEE6D3-5433-4532-9CE8-2C847535EFB6}.Debug|Any CPU.ActiveCfg = Debug|Any CPU
		{BADEE6D3-5433-4532-9CE8-2C847535EFB6}.Debug|Any CPU.Build.0 = Debug|Any CPU
		{BADEE6D3-5433-4532-9CE8-2C847535EFB6}.Release|Any CPU.ActiveCfg = Release|Any CPU
		{BADEE6D3-5433-4532-9CE8-2C847535EFB6}.Release|Any CPU.Build.0 = Release|Any CPU
		{DC7B1840-1C0E-4FD8-A56A-20DFEB8B806E}.Debug|Any CPU.ActiveCfg = Debug|Any CPU
		{DC7B1840-1C0E-4FD8-A56A-20DFEB8B806E}.Debug|Any CPU.Build.0 = Debug|Any CPU
		{DC7B1840-1C0E-4FD8-A56A-20DFEB8B806E}.Release|Any CPU.ActiveCfg = Release|Any CPU
		{DC7B1840-1C0E-4FD8-A56A-20DFEB8B806E}.Release|Any CPU.Build.0 = Release|Any CPU
	EndGlobalSection
	GlobalSection(SolutionProperties) = preSolution
		HideSolutionNode = FALSE
	EndGlobalSection
	GlobalSection(NestedProjects) = preSolution
		{E60F8DF2-638C-461B-9A3E-3FAFD19DE5F2} = {94A6BB46-51EB-45AF-893B-B5C36F055B19}
		{7A77B09C-589B-4CBE-A896-B753218D9E9C} = {4214A080-740C-4132-8095-6F8B4D57F92B}
		{299E691B-9873-4D3F-AFDC-74BAB0F19837} = {AE73A41A-767B-4E04-B049-3B08DE719F9C}
		{E69409D2-868A-4D63-8103-2DC8FA2A1B32} = {687485BF-EF1E-40C6-B6F8-D8A093882693}
		{893AB267-10F0-4D7C-89A8-60EE36FC0D20} = {E69409D2-868A-4D63-8103-2DC8FA2A1B32}
		{5F17E65A-6B27-494A-99FF-29280F5D7A2A} = {E69409D2-868A-4D63-8103-2DC8FA2A1B32}
		{764641B1-F917-46B0-8B8F-3EC20A087A40} = {E69409D2-868A-4D63-8103-2DC8FA2A1B32}
		{1D9EFE88-CB8A-431A-82B0-4D3BACCD9322} = {E69409D2-868A-4D63-8103-2DC8FA2A1B32}
		{A65031FF-5D2B-48C3-8B58-B13F8D4C70F2} = {764641B1-F917-46B0-8B8F-3EC20A087A40}
		{CFAD41E4-E816-4194-8EB5-DEE32474E167} = {1D9EFE88-CB8A-431A-82B0-4D3BACCD9322}
		{EA2478AE-A456-434F-B1F4-524604F28ADE} = {5F17E65A-6B27-494A-99FF-29280F5D7A2A}
		{DB0C4083-FCDB-43CC-B2EF-1DEBFA9FC174} = {893AB267-10F0-4D7C-89A8-60EE36FC0D20}
		{9FD20515-2E64-4037-B257-678220E30299} = {687485BF-EF1E-40C6-B6F8-D8A093882693}
		{6D958C12-C70D-414E-96EE-33158255F3AE} = {9FD20515-2E64-4037-B257-678220E30299}
		{998B1228-A3D8-4482-98D4-F09077C956AB} = {9FD20515-2E64-4037-B257-678220E30299}
		{DA641E19-8F8B-4E37-9B68-51C506352BF6} = {9FD20515-2E64-4037-B257-678220E30299}
		{82E1E8C3-FFF8-4A7A-8986-D8B4A3162A24} = {9FD20515-2E64-4037-B257-678220E30299}
		{093FA2E7-B622-4CDD-A370-C84E8EB963FC} = {998B1228-A3D8-4482-98D4-F09077C956AB}
		{41A8F805-C0AA-430C-83B6-A295FAE46A1B} = {82E1E8C3-FFF8-4A7A-8986-D8B4A3162A24}
		{BADEE6D3-5433-4532-9CE8-2C847535EFB6} = {DA641E19-8F8B-4E37-9B68-51C506352BF6}
		{DC7B1840-1C0E-4FD8-A56A-20DFEB8B806E} = {6D958C12-C70D-414E-96EE-33158255F3AE}
	EndGlobalSection
	GlobalSection(ExtensibilityGlobals) = postSolution
		SolutionGuid = {EB2BA028-7426-4CFC-AD2A-FCCB7916A4B1}
	EndGlobalSection
EndGlobal
